// !$*UTF8*$!
{
	archiveVersion = 1;
	classes = {
	};
	objectVersion = 77;
	objects = {

/* Begin PBXContainerItemProxy section */
		3F3F9B7A2D72093D00E15CC1 /* PBXContainerItemProxy */ = {
			isa = PBXContainerItemProxy;
			containerPortal = 3F3F9B612D72093C00E15CC1 /* Project object */;
			proxyType = 1;
			remoteGlobalIDString = 3F3F9B682D72093C00E15CC1;
			remoteInfo = Page_Swip;
		};
		3F3F9B842D72093D00E15CC1 /* PBXContainerItemProxy */ = {
			isa = PBXContainerItemProxy;
			containerPortal = 3F3F9B612D72093C00E15CC1 /* Project object */;
			proxyType = 1;
			remoteGlobalIDString = 3F3F9B682D72093C00E15CC1;
			remoteInfo = Page_Swip;
		};
/* End PBXContainerItemProxy section */

/* Begin PBXFileReference section */
		3F3F9B692D72093C00E15CC1 /* Page_Swip.app */ = {isa = PBXFileReference; explicitFileType = wrapper.application; includeInIndex = 0; path = Page_Swip.app; sourceTree = BUILT_PRODUCTS_DIR; };
		3F3F9B792D72093D00E15CC1 /* Page_SwipTests.xctest */ = {isa = PBXFileReference; explicitFileType = wrapper.cfbundle; includeInIndex = 0; path = Page_SwipTests.xctest; sourceTree = BUILT_PRODUCTS_DIR; };
		3F3F9B832D72093D00E15CC1 /* Page_SwipUITests.xctest */ = {isa = PBXFileReference; explicitFileType = wrapper.cfbundle; includeInIndex = 0; path = Page_SwipUITests.xctest; sourceTree = BUILT_PRODUCTS_DIR; };
/* End PBXFileReference section */

/* Begin PBXFileSystemSynchronizedBuildFileExceptionSet section */
		3F3F9B9A2D75459300E15CC1 /* Exceptions for "Page_Swip" folder in "Page_SwipTests" target */ = {
			isa = PBXFileSystemSynchronizedBuildFileExceptionSet;
			membershipExceptions = (
				UserSettings.swift,
			);
			target = 3F3F9B782D72093D00E15CC1 /* Page_SwipTests */;
		};
		3F3F9B9B2D75459300E15CC1 /* Exceptions for "Page_Swip" folder in "Page_SwipUITests" target */ = {
			isa = PBXFileSystemSynchronizedBuildFileExceptionSet;
			membershipExceptions = (
				UserSettings.swift,
			);
			target = 3F3F9B822D72093D00E15CC1 /* Page_SwipUITests */;
		};
/* End PBXFileSystemSynchronizedBuildFileExceptionSet section */

/* Begin PBXFileSystemSynchronizedRootGroup section */
		3F3F9B6B2D72093C00E15CC1 /* Page_Swip */ = {
			isa = PBXFileSystemSynchronizedRootGroup;
			exceptions = (
				3F3F9B9A2D75459300E15CC1 /* Exceptions for "Page_Swip" folder in "Page_SwipTests" target */,
				3F3F9B9B2D75459300E15CC1 /* Exceptions for "Page_Swip" folder in "Page_SwipUITests" target */,
			);
			path = Page_Swip;
			sourceTree = "<group>";
		};
		3F3F9B7C2D72093D00E15CC1 /* Page_SwipTests */ = {
			isa = PBXFileSystemSynchronizedRootGroup;
			path = Page_SwipTests;
			sourceTree = "<group>";
		};
		3F3F9B862D72093D00E15CC1 /* Page_SwipUITests */ = {
			isa = PBXFileSystemSynchronizedRootGroup;
			path = Page_SwipUITests;
			sourceTree = "<group>";
		};
/* End PBXFileSystemSynchronizedRootGroup section */

/* Begin PBXFrameworksBuildPhase section */
		3F3F9B662D72093C00E15CC1 /* Frameworks */ = {
			isa = PBXFrameworksBuildPhase;
			buildActionMask = 2147483647;
			files = (
			);
			runOnlyForDeploymentPostprocessing = 0;
		};
		3F3F9B762D72093D00E15CC1 /* Frameworks */ = {
			isa = PBXFrameworksBuildPhase;
			buildActionMask = 2147483647;
			files = (
			);
			runOnlyForDeploymentPostprocessing = 0;
		};
		3F3F9B802D72093D00E15CC1 /* Frameworks */ = {
			isa = PBXFrameworksBuildPhase;
			buildActionMask = 2147483647;
			files = (
			);
			runOnlyForDeploymentPostprocessing = 0;
		};
/* End PBXFrameworksBuildPhase section */

/* Begin PBXGroup section */
		3F3F9B602D72093C00E15CC1 = {
			isa = PBXGroup;
			children = (
				3F3F9B6B2D72093C00E15CC1 /* Page_Swip */,
				3F3F9B7C2D72093D00E15CC1 /* Page_SwipTests */,
				3F3F9B862D72093D00E15CC1 /* Page_SwipUITests */,
				3F3F9B6A2D72093C00E15CC1 /* Products */,
			);
			sourceTree = "<group>";
		};
		3F3F9B6A2D72093C00E15CC1 /* Products */ = {
			isa = PBXGroup;
			children = (
				3F3F9B692D72093C00E15CC1 /* Page_Swip.app */,
				3F3F9B792D72093D00E15CC1 /* Page_SwipTests.xctest */,
				3F3F9B832D72093D00E15CC1 /* Page_SwipUITests.xctest */,
			);
			name = Products;
			sourceTree = "<group>";
		};
/* End PBXGroup section */

/* Begin PBXNativeTarget section */
		3F3F9B682D72093C00E15CC1 /* Page_Swip */ = {
			isa = PBXNativeTarget;
			buildConfigurationList = 3F3F9B8D2D72093D00E15CC1 /* Build configuration list for PBXNativeTarget "Page_Swip" */;
			buildPhases = (
				3F3F9B652D72093C00E15CC1 /* Sources */,
				3F3F9B662D72093C00E15CC1 /* Frameworks */,
				3F3F9B672D72093C00E15CC1 /* Resources */,
			);
			buildRules = (
			);
			dependencies = (
			);
			fileSystemSynchronizedGroups = (
				3F3F9B6B2D72093C00E15CC1 /* Page_Swip */,
			);
			name = Page_Swip;
			packageProductDependencies = (
			);
			productName = Page_Swip;
			productReference = 3F3F9B692D72093C00E15CC1 /* Page_Swip.app */;
			productType = "com.apple.product-type.application";
		};
		3F3F9B782D72093D00E15CC1 /* Page_SwipTests */ = {
			isa = PBXNativeTarget;
			buildConfigurationList = 3F3F9B902D72093D00E15CC1 /* Build configuration list for PBXNativeTarget "Page_SwipTests" */;
			buildPhases = (
				3F3F9B752D72093D00E15CC1 /* Sources */,
				3F3F9B762D72093D00E15CC1 /* Frameworks */,
				3F3F9B772D72093D00E15CC1 /* Resources */,
			);
			buildRules = (
			);
			dependencies = (
				3F3F9B7B2D72093D00E15CC1 /* PBXTargetDependency */,
			);
			fileSystemSynchronizedGroups = (
				3F3F9B7C2D72093D00E15CC1 /* Page_SwipTests */,
			);
			name = Page_SwipTests;
			packageProductDependencies = (
			);
			productName = Page_SwipTests;
			productReference = 3F3F9B792D72093D00E15CC1 /* Page_SwipTests.xctest */;
			productType = "com.apple.product-type.bundle.unit-test";
		};
		3F3F9B822D72093D00E15CC1 /* Page_SwipUITests */ = {
			isa = PBXNativeTarget;
			buildConfigurationList = 3F3F9B932D72093D00E15CC1 /* Build configuration list for PBXNativeTarget "Page_SwipUITests" */;
			buildPhases = (
				3F3F9B7F2D72093D00E15CC1 /* Sources */,
				3F3F9B802D72093D00E15CC1 /* Frameworks */,
				3F3F9B812D72093D00E15CC1 /* Resources */,
			);
			buildRules = (
			);
			dependencies = (
				3F3F9B852D72093D00E15CC1 /* PBXTargetDependency */,
			);
			fileSystemSynchronizedGroups = (
				3F3F9B862D72093D00E15CC1 /* Page_SwipUITests */,
			);
			name = Page_SwipUITests;
			packageProductDependencies = (
			);
			productName = Page_SwipUITests;
			productReference = 3F3F9B832D72093D00E15CC1 /* Page_SwipUITests.xctest */;
			productType = "com.apple.product-type.bundle.ui-testing";
		};
/* End PBXNativeTarget section */

/* Begin PBXProject section */
		3F3F9B612D72093C00E15CC1 /* Project object */ = {
			isa = PBXProject;
			attributes = {
				BuildIndependentTargetsInParallel = 1;
				LastSwiftUpdateCheck = 1600;
				LastUpgradeCheck = 1600;
				TargetAttributes = {
					3F3F9B682D72093C00E15CC1 = {
						CreatedOnToolsVersion = 16.0;
					};
					3F3F9B782D72093D00E15CC1 = {
						CreatedOnToolsVersion = 16.0;
						TestTargetID = 3F3F9B682D72093C00E15CC1;
					};
					3F3F9B822D72093D00E15CC1 = {
						CreatedOnToolsVersion = 16.0;
						TestTargetID = 3F3F9B682D72093C00E15CC1;
					};
				};
			};
			buildConfigurationList = 3F3F9B642D72093C00E15CC1 /* Build configuration list for PBXProject "Page_Swip" */;
			developmentRegion = en;
			hasScannedForEncodings = 0;
			knownRegions = (
				en,
				Base,
			);
			mainGroup = 3F3F9B602D72093C00E15CC1;
			minimizedProjectReferenceProxies = 1;
			preferredProjectObjectVersion = 77;
			productRefGroup = 3F3F9B6A2D72093C00E15CC1 /* Products */;
			projectDirPath = "";
			projectRoot = "";
			targets = (
				3F3F9B682D72093C00E15CC1 /* Page_Swip */,
				3F3F9B782D72093D00E15CC1 /* Page_SwipTests */,
				3F3F9B822D72093D00E15CC1 /* Page_SwipUITests */,
			);
		};
/* End PBXProject section */

/* Begin PBXResourcesBuildPhase section */
		3F3F9B672D72093C00E15CC1 /* Resources */ = {
			isa = PBXResourcesBuildPhase;
			buildActionMask = 2147483647;
			files = (
			);
			runOnlyForDeploymentPostprocessing = 0;
		};
		3F3F9B772D72093D00E15CC1 /* Resources */ = {
			isa = PBXResourcesBuildPhase;
			buildActionMask = 2147483647;
			files = (
			);
			runOnlyForDeploymentPostprocessing = 0;
		};
		3F3F9B812D72093D00E15CC1 /* Resources */ = {
			isa = PBXResourcesBuildPhase;
			buildActionMask = 2147483647;
			files = (
			);
			runOnlyForDeploymentPostprocessing = 0;
		};
/* End PBXResourcesBuildPhase section */

/* Begin PBXSourcesBuildPhase section */
		3F3F9B652D72093C00E15CC1 /* Sources */ = {
			isa = PBXSourcesBuildPhase;
			buildActionMask = 2147483647;
			files = (
			);
			runOnlyForDeploymentPostprocessing = 0;
		};
		3F3F9B752D72093D00E15CC1 /* Sources */ = {
			isa = PBXSourcesBuildPhase;
			buildActionMask = 2147483647;
			files = (
			);
			runOnlyForDeploymentPostprocessing = 0;
		};
		3F3F9B7F2D72093D00E15CC1 /* Sources */ = {
			isa = PBXSourcesBuildPhase;
			buildActionMask = 2147483647;
			files = (
			);
			runOnlyForDeploymentPostprocessing = 0;
		};
/* End PBXSourcesBuildPhase section */

/* Begin PBXTargetDependency section */
		3F3F9B7B2D72093D00E15CC1 /* PBXTargetDependency */ = {
			isa = PBXTargetDependency;
			target = 3F3F9B682D72093C00E15CC1 /* Page_Swip */;
			targetProxy = 3F3F9B7A2D72093D00E15CC1 /* PBXContainerItemProxy */;
		};
		3F3F9B852D72093D00E15CC1 /* PBXTargetDependency */ = {
			isa = PBXTargetDependency;
			target = 3F3F9B682D72093C00E15CC1 /* Page_Swip */;
			targetProxy = 3F3F9B842D72093D00E15CC1 /* PBXContainerItemProxy */;
		};
/* End PBXTargetDependency section */

/* Begin XCBuildConfiguration section */
		3F3F9B8B2D72093D00E15CC1 /* Debug */ = {
			isa = XCBuildConfiguration;
			buildSettings = {
				ALWAYS_SEARCH_USER_PATHS = NO;
				ASSETCATALOG_COMPILER_GENERATE_SWIFT_ASSET_SYMBOL_EXTENSIONS = YES;
				CLANG_ANALYZER_NONNULL = YES;
				CLANG_ANALYZER_NUMBER_OBJECT_CONVERSION = YES_AGGRESSIVE;
				CLANG_CXX_LANGUAGE_STANDARD = "gnu++20";
				CLANG_ENABLE_MODULES = YES;
				CLANG_ENABLE_OBJC_ARC = YES;
				CLANG_ENABLE_OBJC_WEAK = YES;
				CLANG_WARN_BLOCK_CAPTURE_AUTORELEASING = YES;
				CLANG_WARN_BOOL_CONVERSION = YES;
				CLANG_WARN_COMMA = YES;
				CLANG_WARN_CONSTANT_CONVERSION = YES;
				CLANG_WARN_DEPRECATED_OBJC_IMPLEMENTATIONS = YES;
				CLANG_WARN_DIRECT_OBJC_ISA_USAGE = YES_ERROR;
				CLANG_WARN_DOCUMENTATION_COMMENTS = YES;
				CLANG_WARN_EMPTY_BODY = YES;
				CLANG_WARN_ENUM_CONVERSION = YES;
				CLANG_WARN_INFINITE_RECURSION = YES;
				CLANG_WARN_INT_CONVERSION = YES;
				CLANG_WARN_NON_LITERAL_NULL_CONVERSION = YES;
				CLANG_WARN_OBJC_IMPLICIT_RETAIN_SELF = YES;
				CLANG_WARN_OBJC_LITERAL_CONVERSION = YES;
				CLANG_WARN_OBJC_ROOT_CLASS = YES_ERROR;
				CLANG_WARN_QUOTED_INCLUDE_IN_FRAMEWORK_HEADER = YES;
				CLANG_WARN_RANGE_LOOP_ANALYSIS = YES;
				CLANG_WARN_STRICT_PROTOTYPES = YES;
				CLANG_WARN_SUSPICIOUS_MOVE = YES;
				CLANG_WARN_UNGUARDED_AVAILABILITY = YES_AGGRESSIVE;
				CLANG_WARN_UNREACHABLE_CODE = YES;
				CLANG_WARN__DUPLICATE_METHOD_MATCH = YES;
				COPY_PHASE_STRIP = NO;
				DEBUG_INFORMATION_FORMAT = dwarf;
				ENABLE_STRICT_OBJC_MSGSEND = YES;
				ENABLE_TESTABILITY = YES;
				ENABLE_USER_SCRIPT_SANDBOXING = YES;
				GCC_C_LANGUAGE_STANDARD = gnu17;
				GCC_DYNAMIC_NO_PIC = NO;
				GCC_NO_COMMON_BLOCKS = YES;
				GCC_OPTIMIZATION_LEVEL = 0;
				GCC_PREPROCESSOR_DEFINITIONS = (
					"DEBUG=1",
					"$(inherited)",
				);
				GCC_WARN_64_TO_32_BIT_CONVERSION = YES;
				GCC_WARN_ABOUT_RETURN_TYPE = YES_ERROR;
				GCC_WARN_UNDECLARED_SELECTOR = YES;
				GCC_WARN_UNINITIALIZED_AUTOS = YES_AGGRESSIVE;
				GCC_WARN_UNUSED_FUNCTION = YES;
				GCC_WARN_UNUSED_VARIABLE = YES;
				IPHONEOS_DEPLOYMENT_TARGET = 18.0;
				LOCALIZATION_PREFERS_STRING_CATALOGS = YES;
				MTL_ENABLE_DEBUG_INFO = INCLUDE_SOURCE;
				MTL_FAST_MATH = YES;
				ONLY_ACTIVE_ARCH = YES;
				SDKROOT = iphoneos;
				SWIFT_ACTIVE_COMPILATION_CONDITIONS = "DEBUG $(inherited)";
				SWIFT_OPTIMIZATION_LEVEL = "-Onone";
			};
			name = Debug;
		};
		3F3F9B8C2D72093D00E15CC1 /* Release */ = {
			isa = XCBuildConfiguration;
			buildSettings = {
				ALWAYS_SEARCH_USER_PATHS = NO;
				ASSETCATALOG_COMPILER_GENERATE_SWIFT_ASSET_SYMBOL_EXTENSIONS = YES;
				CLANG_ANALYZER_NONNULL = YES;
				CLANG_ANALYZER_NUMBER_OBJECT_CONVERSION = YES_AGGRESSIVE;
				CLANG_CXX_LANGUAGE_STANDARD = "gnu++20";
				CLANG_ENABLE_MODULES = YES;
				CLANG_ENABLE_OBJC_ARC = YES;
				CLANG_ENABLE_OBJC_WEAK = YES;
				CLANG_WARN_BLOCK_CAPTURE_AUTORELEASING = YES;
				CLANG_WARN_BOOL_CONVERSION = YES;
				CLANG_WARN_COMMA = YES;
				CLANG_WARN_CONSTANT_CONVERSION = YES;
				CLANG_WARN_DEPRECATED_OBJC_IMPLEMENTATIONS = YES;
				CLANG_WARN_DIRECT_OBJC_ISA_USAGE = YES_ERROR;
				CLANG_WARN_DOCUMENTATION_COMMENTS = YES;
				CLANG_WARN_EMPTY_BODY = YES;
				CLANG_WARN_ENUM_CONVERSION = YES;
				CLANG_WARN_INFINITE_RECURSION = YES;
				CLANG_WARN_INT_CONVERSION = YES;
				CLANG_WARN_NON_LITERAL_NULL_CONVERSION = YES;
				CLANG_WARN_OBJC_IMPLICIT_RETAIN_SELF = YES;
				CLANG_WARN_OBJC_LITERAL_CONVERSION = YES;
				CLANG_WARN_OBJC_ROOT_CLASS = YES_ERROR;
				CLANG_WARN_QUOTED_INCLUDE_IN_FRAMEWORK_HEADER = YES;
				CLANG_WARN_RANGE_LOOP_ANALYSIS = YES;
				CLANG_WARN_STRICT_PROTOTYPES = YES;
				CLANG_WARN_SUSPICIOUS_MOVE = YES;
				CLANG_WARN_UNGUARDED_AVAILABILITY = YES_AGGRESSIVE;
				CLANG_WARN_UNREACHABLE_CODE = YES;
				CLANG_WARN__DUPLICATE_METHOD_MATCH = YES;
				COPY_PHASE_STRIP = NO;
				DEBUG_INFORMATION_FORMAT = "dwarf-with-dsym";
				ENABLE_NS_ASSERTIONS = NO;
				ENABLE_STRICT_OBJC_MSGSEND = YES;
				ENABLE_USER_SCRIPT_SANDBOXING = YES;
				GCC_C_LANGUAGE_STANDARD = gnu17;
				GCC_NO_COMMON_BLOCKS = YES;
				GCC_WARN_64_TO_32_BIT_CONVERSION = YES;
				GCC_WARN_ABOUT_RETURN_TYPE = YES_ERROR;
				GCC_WARN_UNDECLARED_SELECTOR = YES;
				GCC_WARN_UNINITIALIZED_AUTOS = YES_AGGRESSIVE;
				GCC_WARN_UNUSED_FUNCTION = YES;
				GCC_WARN_UNUSED_VARIABLE = YES;
				IPHONEOS_DEPLOYMENT_TARGET = 18.0;
				LOCALIZATION_PREFERS_STRING_CATALOGS = YES;
				MTL_ENABLE_DEBUG_INFO = NO;
				MTL_FAST_MATH = YES;
				SDKROOT = iphoneos;
				SWIFT_COMPILATION_MODE = wholemodule;
				VALIDATE_PRODUCT = YES;
			};
			name = Release;
		};
		3F3F9B8E2D72093D00E15CC1 /* Debug */ = {
			isa = XCBuildConfiguration;
			buildSettings = {
				ASSETCATALOG_COMPILER_APPICON_NAME = AppIcon;
				ASSETCATALOG_COMPILER_GLOBAL_ACCENT_COLOR_NAME = AccentColor;
				CODE_SIGN_STYLE = Automatic;
				CURRENT_PROJECT_VERSION = 1;
				DEVELOPMENT_ASSET_PATHS = "\"Page_Swip/Preview Content\"";
				DEVELOPMENT_TEAM = RR4245798B;
				ENABLE_PREVIEWS = YES;
				GENERATE_INFOPLIST_FILE = YES;
				INFOPLIST_KEY_UIApplicationSceneManifest_Generation = YES;
				INFOPLIST_KEY_UIApplicationSupportsIndirectInputEvents = YES;
				INFOPLIST_KEY_UILaunchScreen_Generation = YES;
				INFOPLIST_KEY_UISupportedInterfaceOrientations_iPad = "UIInterfaceOrientationPortrait UIInterfaceOrientationPortraitUpsideDown UIInterfaceOrientationLandscapeLeft UIInterfaceOrientationLandscapeRight";
				INFOPLIST_KEY_UISupportedInterfaceOrientations_iPhone = "UIInterfaceOrientationPortrait UIInterfaceOrientationLandscapeLeft UIInterfaceOrientationLandscapeRight";
				LD_RUNPATH_SEARCH_PATHS = (
					"$(inherited)",
					"@executable_path/Frameworks",
				);
				MARKETING_VERSION = 1.0;
				PRODUCT_BUNDLE_IDENTIFIER = "usamaru.Page-Swip";
				PRODUCT_NAME = "$(TARGET_NAME)";
				SWIFT_EMIT_LOC_STRINGS = YES;
				SWIFT_VERSION = 5.0;
				TARGETED_DEVICE_FAMILY = "1,2";
			};
			name = Debug;
		};
		3F3F9B8F2D72093D00E15CC1 /* Release */ = {
			isa = XCBuildConfiguration;
			buildSettings = {
				ASSETCATALOG_COMPILER_APPICON_NAME = AppIcon;
				ASSETCATALOG_COMPILER_GLOBAL_ACCENT_COLOR_NAME = AccentColor;
				CODE_SIGN_STYLE = Automatic;
				CURRENT_PROJECT_VERSION = 1;
				DEVELOPMENT_ASSET_PATHS = "\"Page_Swip/Preview Content\"";
				DEVELOPMENT_TEAM = RR4245798B;
				ENABLE_PREVIEWS = YES;
				GENERATE_INFOPLIST_FILE = YES;
				INFOPLIST_KEY_UIApplicationSceneManifest_Generation = YES;
				INFOPLIST_KEY_UIApplicationSupportsIndirectInputEvents = YES;
				INFOPLIST_KEY_UILaunchScreen_Generation = YES;
				INFOPLIST_KEY_UISupportedInterfaceOrientations_iPad = "UIInterfaceOrientationPortrait UIInterfaceOrientationPortraitUpsideDown UIInterfaceOrientationLandscapeLeft UIInterfaceOrientationLandscapeRight";
				INFOPLIST_KEY_UISupportedInterfaceOrientations_iPhone = "UIInterfaceOrientationPortrait UIInterfaceOrientationLandscapeLeft UIInterfaceOrientationLandscapeRight";
				LD_RUNPATH_SEARCH_PATHS = (
					"$(inherited)",
					"@executable_path/Frameworks",
				);
				MARKETING_VERSION = 1.0;
				PRODUCT_BUNDLE_IDENTIFIER = "usamaru.Page-Swip";
				PRODUCT_NAME = "$(TARGET_NAME)";
				SWIFT_EMIT_LOC_STRINGS = YES;
				SWIFT_VERSION = 5.0;
				TARGETED_DEVICE_FAMILY = "1,2";
			};
			name = Release;
		};
		3F3F9B912D72093D00E15CC1 /* Debug */ = {
			isa = XCBuildConfiguration;
			buildSettings = {
				BUNDLE_LOADER = "$(TEST_HOST)";
				CODE_SIGN_STYLE = Automatic;
				CURRENT_PROJECT_VERSION = 1;
				DEVELOPMENT_TEAM = RR4245798B;
				GENERATE_INFOPLIST_FILE = YES;
				IPHONEOS_DEPLOYMENT_TARGET = 18.0;
				MARKETING_VERSION = 1.0;
				PRODUCT_BUNDLE_IDENTIFIER = "usamaru.Page-SwipTests";
				PRODUCT_NAME = "$(TARGET_NAME)";
				SWIFT_EMIT_LOC_STRINGS = NO;
				SWIFT_VERSION = 5.0;
				TARGETED_DEVICE_FAMILY = "1,2";
				TEST_HOST = "$(BUILT_PRODUCTS_DIR)/Page_Swip.app/$(BUNDLE_EXECUTABLE_FOLDER_PATH)/Page_Swip";
			};
			name = Debug;
		};
		3F3F9B922D72093D00E15CC1 /* Release */ = {
			isa = XCBuildConfiguration;
			buildSettings = {
				BUNDLE_LOADER = "$(TEST_HOST)";
				CODE_SIGN_STYLE = Automatic;
				CURRENT_PROJECT_VERSION = 1;
				DEVELOPMENT_TEAM = RR4245798B;
				GENERATE_INFOPLIST_FILE = YES;
				IPHONEOS_DEPLOYMENT_TARGET = 18.0;
				MARKETING_VERSION = 1.0;
				PRODUCT_BUNDLE_IDENTIFIER = "usamaru.Page-SwipTests";
				PRODUCT_NAME = "$(TARGET_NAME)";
				SWIFT_EMIT_LOC_STRINGS = NO;
				SWIFT_VERSION = 5.0;
				TARGETED_DEVICE_FAMILY = "1,2";
				TEST_HOST = "$(BUILT_PRODUCTS_DIR)/Page_Swip.app/$(BUNDLE_EXECUTABLE_FOLDER_PATH)/Page_Swip";
			};
			name = Release;
		};
		3F3F9B942D72093D00E15CC1 /* Debug */ = {
			isa = XCBuildConfiguration;
			buildSettings = {
				CODE_SIGN_STYLE = Automatic;
				CURRENT_PROJECT_VERSION = 1;
				DEVELOPMENT_TEAM = RR4245798B;
				GENERATE_INFOPLIST_FILE = YES;
				MARKETING_VERSION = 1.0;
				PRODUCT_BUNDLE_IDENTIFIER = "usamaru.Page-SwipUITests";
				PRODUCT_NAME = "$(TARGET_NAME)";
				SWIFT_EMIT_LOC_STRINGS = NO;
				SWIFT_VERSION = 5.0;
				TARGETED_DEVICE_FAMILY = "1,2";
				TEST_TARGET_NAME = Page_Swip;
			};
			name = Debug;
		};
		3F3F9B952D72093D00E15CC1 /* Release */ = {
			isa = XCBuildConfiguration;
			buildSettings = {
				CODE_SIGN_STYLE = Automatic;
				CURRENT_PROJECT_VERSION = 1;
				DEVELOPMENT_TEAM = RR4245798B;
				GENERATE_INFOPLIST_FILE = YES;
				MARKETING_VERSION = 1.0;
				PRODUCT_BUNDLE_IDENTIFIER = "usamaru.Page-SwipUITests";
				PRODUCT_NAME = "$(TARGET_NAME)";
				SWIFT_EMIT_LOC_STRINGS = NO;
				SWIFT_VERSION = 5.0;
				TARGETED_DEVICE_FAMILY = "1,2";
				TEST_TARGET_NAME = Page_Swip;
			};
			name = Release;
		};
/* End XCBuildConfiguration section */

/* Begin XCConfigurationList section */
		3F3F9B642D72093C00E15CC1 /* Build configuration list for PBXProject "Page_Swip" */ = {
			isa = XCConfigurationList;
			buildConfigurations = (
				3F3F9B8B2D72093D00E15CC1 /* Debug */,
				3F3F9B8C2D72093D00E15CC1 /* Release */,
			);
			defaultConfigurationIsVisible = 0;
			defaultConfigurationName = Release;
		};
		3F3F9B8D2D72093D00E15CC1 /* Build configuration list for PBXNativeTarget "Page_Swip" */ = {
			isa = XCConfigurationList;
			buildConfigurations = (
				3F3F9B8E2D72093D00E15CC1 /* Debug */,
				3F3F9B8F2D72093D00E15CC1 /* Release */,
			);
			defaultConfigurationIsVisible = 0;
			defaultConfigurationName = Release;
		};
		3F3F9B902D72093D00E15CC1 /* Build configuration list for PBXNativeTarget "Page_SwipTests" */ = {
			isa = XCConfigurationList;
			buildConfigurations = (
				3F3F9B912D72093D00E15CC1 /* Debug */,
				3F3F9B922D72093D00E15CC1 /* Release */,
			);
			defaultConfigurationIsVisible = 0;
			defaultConfigurationName = Release;
		};
		3F3F9B932D72093D00E15CC1 /* Build configuration list for PBXNativeTarget "Page_SwipUITests" */ = {
			isa = XCConfigurationList;
			buildConfigurations = (
				3F3F9B942D72093D00E15CC1 /* Debug */,
				3F3F9B952D72093D00E15CC1 /* Release */,
			);
			defaultConfigurationIsVisible = 0;
			defaultConfigurationName = Release;
		};
/* End XCConfigurationList section */
	};
	rootObject = 3F3F9B612D72093C00E15CC1 /* Project object */;
}
